// !$*UTF8*$!
{
	archiveVersion = 1;
	classes = {
	};
	objectVersion = 51;
	objects = {

/* Begin PBXBuildFile section */
		2801B5B7C7D185A9F6715DE3 /* Pods_instaTests.framework in Frameworks */ = {isa = PBXBuildFile; fileRef = 856F2CB9293EC9C4B0BFB1CC /* Pods_instaTests.framework */; };
		99B5750125FB2A660043FA49 /* AppDelegate.swift in Sources */ = {isa = PBXBuildFile; fileRef = 99B5750025FB2A660043FA49 /* AppDelegate.swift */; };
		99B5750325FB2A660043FA49 /* SceneDelegate.swift in Sources */ = {isa = PBXBuildFile; fileRef = 99B5750225FB2A660043FA49 /* SceneDelegate.swift */; };
		99B5750825FB2A660043FA49 /* Main.storyboard in Resources */ = {isa = PBXBuildFile; fileRef = 99B5750625FB2A660043FA49 /* Main.storyboard */; };
		99B5750A25FB2A680043FA49 /* Assets.xcassets in Resources */ = {isa = PBXBuildFile; fileRef = 99B5750925FB2A680043FA49 /* Assets.xcassets */; };
		99B5750D25FB2A680043FA49 /* LaunchScreen.storyboard in Resources */ = {isa = PBXBuildFile; fileRef = 99B5750B25FB2A680043FA49 /* LaunchScreen.storyboard */; };
		99B5751825FB2A680043FA49 /* instaTests.swift in Sources */ = {isa = PBXBuildFile; fileRef = 99B5751725FB2A680043FA49 /* instaTests.swift */; };
		99B5752325FB2A680043FA49 /* instaUITests.swift in Sources */ = {isa = PBXBuildFile; fileRef = 99B5752225FB2A680043FA49 /* instaUITests.swift */; };
		99B5754325FB2DF30043FA49 /* LoginViewController.swift in Sources */ = {isa = PBXBuildFile; fileRef = 99B5754225FB2DF30043FA49 /* LoginViewController.swift */; };
		99B5754825FB2E040043FA49 /* FeedViewController.swift in Sources */ = {isa = PBXBuildFile; fileRef = 99B5754725FB2E040043FA49 /* FeedViewController.swift */; };
		99B5754D25FBF5E60043FA49 /* CameraViewController.swift in Sources */ = {isa = PBXBuildFile; fileRef = 99B5754C25FBF5E60043FA49 /* CameraViewController.swift */; };
		9A00CA3EA2FD6DD2393AE5E8 /* Pods_insta.framework in Frameworks */ = {isa = PBXBuildFile; fileRef = 49327E216801FF9DC1E4DC2C /* Pods_insta.framework */; };
		CED893896AFEF85CEF8A5694 /* Pods_insta_instaUITests.framework in Frameworks */ = {isa = PBXBuildFile; fileRef = C2F1D5D198AB39D657774C7A /* Pods_insta_instaUITests.framework */; };
/* End PBXBuildFile section */

/* Begin PBXContainerItemProxy section */
		99B5751425FB2A680043FA49 /* PBXContainerItemProxy */ = {
			isa = PBXContainerItemProxy;
			containerPortal = 99B574F525FB2A660043FA49 /* Project object */;
			proxyType = 1;
			remoteGlobalIDString = 99B574FC25FB2A660043FA49;
			remoteInfo = insta;
		};
		99B5751F25FB2A680043FA49 /* PBXContainerItemProxy */ = {
			isa = PBXContainerItemProxy;
			containerPortal = 99B574F525FB2A660043FA49 /* Project object */;
			proxyType = 1;
			remoteGlobalIDString = 99B574FC25FB2A660043FA49;
			remoteInfo = insta;
		};
/* End PBXContainerItemProxy section */

/* Begin PBXFileReference section */
		022041657449A0DDBD7C0B16 /* Pods-insta.debug.xcconfig */ = {isa = PBXFileReference; includeInIndex = 1; lastKnownFileType = text.xcconfig; name = "Pods-insta.debug.xcconfig"; path = "Target Support Files/Pods-insta/Pods-insta.debug.xcconfig"; sourceTree = "<group>"; };
		07C7788E00266ADD86979315 /* Pods-insta-instaUITests.debug.xcconfig */ = {isa = PBXFileReference; includeInIndex = 1; lastKnownFileType = text.xcconfig; name = "Pods-insta-instaUITests.debug.xcconfig"; path = "Target Support Files/Pods-insta-instaUITests/Pods-insta-instaUITests.debug.xcconfig"; sourceTree = "<group>"; };
		1E4CA4FED11BE5973FA17D8A /* Pods-instaTests.debug.xcconfig */ = {isa = PBXFileReference; includeInIndex = 1; lastKnownFileType = text.xcconfig; name = "Pods-instaTests.debug.xcconfig"; path = "Target Support Files/Pods-instaTests/Pods-instaTests.debug.xcconfig"; sourceTree = "<group>"; };
		49327E216801FF9DC1E4DC2C /* Pods_insta.framework */ = {isa = PBXFileReference; explicitFileType = wrapper.framework; includeInIndex = 0; path = Pods_insta.framework; sourceTree = BUILT_PRODUCTS_DIR; };
		4CBC98309350409B93B358F4 /* Pods-insta-instaUITests.release.xcconfig */ = {isa = PBXFileReference; includeInIndex = 1; lastKnownFileType = text.xcconfig; name = "Pods-insta-instaUITests.release.xcconfig"; path = "Target Support Files/Pods-insta-instaUITests/Pods-insta-instaUITests.release.xcconfig"; sourceTree = "<group>"; };
		5B62A2F24360D332B1A6EFC2 /* Pods-instaTests.release.xcconfig */ = {isa = PBXFileReference; includeInIndex = 1; lastKnownFileType = text.xcconfig; name = "Pods-instaTests.release.xcconfig"; path = "Target Support Files/Pods-instaTests/Pods-instaTests.release.xcconfig"; sourceTree = "<group>"; };
		856F2CB9293EC9C4B0BFB1CC /* Pods_instaTests.framework */ = {isa = PBXFileReference; explicitFileType = wrapper.framework; includeInIndex = 0; path = Pods_instaTests.framework; sourceTree = BUILT_PRODUCTS_DIR; };
		99B574FD25FB2A660043FA49 /* insta.app */ = {isa = PBXFileReference; explicitFileType = wrapper.application; includeInIndex = 0; path = insta.app; sourceTree = BUILT_PRODUCTS_DIR; };
		99B5750025FB2A660043FA49 /* AppDelegate.swift */ = {isa = PBXFileReference; lastKnownFileType = sourcecode.swift; path = AppDelegate.swift; sourceTree = "<group>"; };
		99B5750225FB2A660043FA49 /* SceneDelegate.swift */ = {isa = PBXFileReference; lastKnownFileType = sourcecode.swift; path = SceneDelegate.swift; sourceTree = "<group>"; };
		99B5750725FB2A660043FA49 /* Base */ = {isa = PBXFileReference; lastKnownFileType = file.storyboard; name = Base; path = Base.lproj/Main.storyboard; sourceTree = "<group>"; };
		99B5750925FB2A680043FA49 /* Assets.xcassets */ = {isa = PBXFileReference; lastKnownFileType = folder.assetcatalog; path = Assets.xcassets; sourceTree = "<group>"; };
		99B5750C25FB2A680043FA49 /* Base */ = {isa = PBXFileReference; lastKnownFileType = file.storyboard; name = Base; path = Base.lproj/LaunchScreen.storyboard; sourceTree = "<group>"; };
		99B5750E25FB2A680043FA49 /* Info.plist */ = {isa = PBXFileReference; lastKnownFileType = text.plist.xml; path = Info.plist; sourceTree = "<group>"; };
		99B5751325FB2A680043FA49 /* instaTests.xctest */ = {isa = PBXFileReference; explicitFileType = wrapper.cfbundle; includeInIndex = 0; path = instaTests.xctest; sourceTree = BUILT_PRODUCTS_DIR; };
		99B5751725FB2A680043FA49 /* instaTests.swift */ = {isa = PBXFileReference; lastKnownFileType = sourcecode.swift; path = instaTests.swift; sourceTree = "<group>"; };
		99B5751925FB2A680043FA49 /* Info.plist */ = {isa = PBXFileReference; lastKnownFileType = text.plist.xml; path = Info.plist; sourceTree = "<group>"; };
		99B5751E25FB2A680043FA49 /* instaUITests.xctest */ = {isa = PBXFileReference; explicitFileType = wrapper.cfbundle; includeInIndex = 0; path = instaUITests.xctest; sourceTree = BUILT_PRODUCTS_DIR; };
		99B5752225FB2A680043FA49 /* instaUITests.swift */ = {isa = PBXFileReference; lastKnownFileType = sourcecode.swift; path = instaUITests.swift; sourceTree = "<group>"; };
		99B5752425FB2A680043FA49 /* Info.plist */ = {isa = PBXFileReference; lastKnownFileType = text.plist.xml; path = Info.plist; sourceTree = "<group>"; };
		99B5754225FB2DF30043FA49 /* LoginViewController.swift */ = {isa = PBXFileReference; lastKnownFileType = sourcecode.swift; path = LoginViewController.swift; sourceTree = "<group>"; };
		99B5754725FB2E040043FA49 /* FeedViewController.swift */ = {isa = PBXFileReference; lastKnownFileType = sourcecode.swift; path = FeedViewController.swift; sourceTree = "<group>"; };
		99B5754C25FBF5E60043FA49 /* CameraViewController.swift */ = {isa = PBXFileReference; lastKnownFileType = sourcecode.swift; path = CameraViewController.swift; sourceTree = "<group>"; };
		C2F1D5D198AB39D657774C7A /* Pods_insta_instaUITests.framework */ = {isa = PBXFileReference; explicitFileType = wrapper.framework; includeInIndex = 0; path = Pods_insta_instaUITests.framework; sourceTree = BUILT_PRODUCTS_DIR; };
		DA312B3EE491DDF85A9FD950 /* Pods-insta.release.xcconfig */ = {isa = PBXFileReference; includeInIndex = 1; lastKnownFileType = text.xcconfig; name = "Pods-insta.release.xcconfig"; path = "Target Support Files/Pods-insta/Pods-insta.release.xcconfig"; sourceTree = "<group>"; };
/* End PBXFileReference section */

/* Begin PBXFrameworksBuildPhase section */
		99B574FA25FB2A660043FA49 /* Frameworks */ = {
			isa = PBXFrameworksBuildPhase;
			buildActionMask = 2147483647;
			files = (
				9A00CA3EA2FD6DD2393AE5E8 /* Pods_insta.framework in Frameworks */,
			);
			runOnlyForDeploymentPostprocessing = 0;
		};
		99B5751025FB2A680043FA49 /* Frameworks */ = {
			isa = PBXFrameworksBuildPhase;
			buildActionMask = 2147483647;
			files = (
				2801B5B7C7D185A9F6715DE3 /* Pods_instaTests.framework in Frameworks */,
			);
			runOnlyForDeploymentPostprocessing = 0;
		};
		99B5751B25FB2A680043FA49 /* Frameworks */ = {
			isa = PBXFrameworksBuildPhase;
			buildActionMask = 2147483647;
			files = (
				CED893896AFEF85CEF8A5694 /* Pods_insta_instaUITests.framework in Frameworks */,
			);
			runOnlyForDeploymentPostprocessing = 0;
		};
/* End PBXFrameworksBuildPhase section */

/* Begin PBXGroup section */
		99B574F425FB2A660043FA49 = {
			isa = PBXGroup;
			children = (
				99B574FF25FB2A660043FA49 /* insta */,
				99B5751625FB2A680043FA49 /* instaTests */,
				99B5752125FB2A680043FA49 /* instaUITests */,
				99B574FE25FB2A660043FA49 /* Products */,
				D5FA3F587C0946B9DC572FFB /* Pods */,
				DC7D331FF54272622A4AD6D3 /* Frameworks */,
			);
			sourceTree = "<group>";
		};
		99B574FE25FB2A660043FA49 /* Products */ = {
			isa = PBXGroup;
			children = (
				99B574FD25FB2A660043FA49 /* insta.app */,
				99B5751325FB2A680043FA49 /* instaTests.xctest */,
				99B5751E25FB2A680043FA49 /* instaUITests.xctest */,
			);
			name = Products;
			sourceTree = "<group>";
		};
		99B574FF25FB2A660043FA49 /* insta */ = {
			isa = PBXGroup;
			children = (
				99B5750025FB2A660043FA49 /* AppDelegate.swift */,
				99B5750225FB2A660043FA49 /* SceneDelegate.swift */,
				99B5750625FB2A660043FA49 /* Main.storyboard */,
				99B5750925FB2A680043FA49 /* Assets.xcassets */,
				99B5750B25FB2A680043FA49 /* LaunchScreen.storyboard */,
				99B5750E25FB2A680043FA49 /* Info.plist */,
				99B5754225FB2DF30043FA49 /* LoginViewController.swift */,
				99B5754725FB2E040043FA49 /* FeedViewController.swift */,
				99B5754C25FBF5E60043FA49 /* CameraViewController.swift */,
			);
			path = insta;
			sourceTree = "<group>";
		};
		99B5751625FB2A680043FA49 /* instaTests */ = {
			isa = PBXGroup;
			children = (
				99B5751725FB2A680043FA49 /* instaTests.swift */,
				99B5751925FB2A680043FA49 /* Info.plist */,
			);
			path = instaTests;
			sourceTree = "<group>";
		};
		99B5752125FB2A680043FA49 /* instaUITests */ = {
			isa = PBXGroup;
			children = (
				99B5752225FB2A680043FA49 /* instaUITests.swift */,
				99B5752425FB2A680043FA49 /* Info.plist */,
			);
			path = instaUITests;
			sourceTree = "<group>";
		};
		D5FA3F587C0946B9DC572FFB /* Pods */ = {
			isa = PBXGroup;
			children = (
				022041657449A0DDBD7C0B16 /* Pods-insta.debug.xcconfig */,
				DA312B3EE491DDF85A9FD950 /* Pods-insta.release.xcconfig */,
				07C7788E00266ADD86979315 /* Pods-insta-instaUITests.debug.xcconfig */,
				4CBC98309350409B93B358F4 /* Pods-insta-instaUITests.release.xcconfig */,
				1E4CA4FED11BE5973FA17D8A /* Pods-instaTests.debug.xcconfig */,
				5B62A2F24360D332B1A6EFC2 /* Pods-instaTests.release.xcconfig */,
			);
			path = Pods;
			sourceTree = "<group>";
		};
		DC7D331FF54272622A4AD6D3 /* Frameworks */ = {
			isa = PBXGroup;
			children = (
				49327E216801FF9DC1E4DC2C /* Pods_insta.framework */,
				C2F1D5D198AB39D657774C7A /* Pods_insta_instaUITests.framework */,
				856F2CB9293EC9C4B0BFB1CC /* Pods_instaTests.framework */,
			);
			name = Frameworks;
			sourceTree = "<group>";
		};
/* End PBXGroup section */

/* Begin PBXNativeTarget section */
		99B574FC25FB2A660043FA49 /* insta */ = {
			isa = PBXNativeTarget;
			buildConfigurationList = 99B5752725FB2A680043FA49 /* Build configuration list for PBXNativeTarget "insta" */;
			buildPhases = (
				D52BF0CEFF40160CF7DA459C /* [CP] Check Pods Manifest.lock */,
				99B574F925FB2A660043FA49 /* Sources */,
				99B574FA25FB2A660043FA49 /* Frameworks */,
				99B574FB25FB2A660043FA49 /* Resources */,
				0CCE27DAD315BA169154FB01 /* [CP] Embed Pods Frameworks */,
			);
			buildRules = (
			);
			dependencies = (
			);
			name = insta;
			productName = insta;
			productReference = 99B574FD25FB2A660043FA49 /* insta.app */;
			productType = "com.apple.product-type.application";
		};
		99B5751225FB2A680043FA49 /* instaTests */ = {
			isa = PBXNativeTarget;
			buildConfigurationList = 99B5752A25FB2A680043FA49 /* Build configuration list for PBXNativeTarget "instaTests" */;
			buildPhases = (
				6C44623EFDC1A555BCBB7C70 /* [CP] Check Pods Manifest.lock */,
				99B5750F25FB2A680043FA49 /* Sources */,
				99B5751025FB2A680043FA49 /* Frameworks */,
				99B5751125FB2A680043FA49 /* Resources */,
			);
			buildRules = (
			);
			dependencies = (
				99B5751525FB2A680043FA49 /* PBXTargetDependency */,
			);
			name = instaTests;
			productName = instaTests;
			productReference = 99B5751325FB2A680043FA49 /* instaTests.xctest */;
			productType = "com.apple.product-type.bundle.unit-test";
		};
		99B5751D25FB2A680043FA49 /* instaUITests */ = {
			isa = PBXNativeTarget;
			buildConfigurationList = 99B5752D25FB2A680043FA49 /* Build configuration list for PBXNativeTarget "instaUITests" */;
			buildPhases = (
				21D36668D0F48790A295E917 /* [CP] Check Pods Manifest.lock */,
				99B5751A25FB2A680043FA49 /* Sources */,
				99B5751B25FB2A680043FA49 /* Frameworks */,
				99B5751C25FB2A680043FA49 /* Resources */,
				075987484781004BA1F5939E /* [CP] Embed Pods Frameworks */,
			);
			buildRules = (
			);
			dependencies = (
				99B5752025FB2A680043FA49 /* PBXTargetDependency */,
			);
			name = instaUITests;
			productName = instaUITests;
			productReference = 99B5751E25FB2A680043FA49 /* instaUITests.xctest */;
			productType = "com.apple.product-type.bundle.ui-testing";
		};
/* End PBXNativeTarget section */

/* Begin PBXProject section */
		99B574F525FB2A660043FA49 /* Project object */ = {
			isa = PBXProject;
			attributes = {
				LastSwiftUpdateCheck = 1210;
				LastUpgradeCheck = 1210;
				TargetAttributes = {
					99B574FC25FB2A660043FA49 = {
						CreatedOnToolsVersion = 12.1;
					};
					99B5751225FB2A680043FA49 = {
						CreatedOnToolsVersion = 12.1;
						TestTargetID = 99B574FC25FB2A660043FA49;
					};
					99B5751D25FB2A680043FA49 = {
						CreatedOnToolsVersion = 12.1;
						TestTargetID = 99B574FC25FB2A660043FA49;
					};
				};
			};
			buildConfigurationList = 99B574F825FB2A660043FA49 /* Build configuration list for PBXProject "insta" */;
			compatibilityVersion = "Xcode 9.3";
			developmentRegion = en;
			hasScannedForEncodings = 0;
			knownRegions = (
				en,
				Base,
			);
			mainGroup = 99B574F425FB2A660043FA49;
			productRefGroup = 99B574FE25FB2A660043FA49 /* Products */;
			projectDirPath = "";
			projectRoot = "";
			targets = (
				99B574FC25FB2A660043FA49 /* insta */,
				99B5751225FB2A680043FA49 /* instaTests */,
				99B5751D25FB2A680043FA49 /* instaUITests */,
			);
		};
/* End PBXProject section */

/* Begin PBXResourcesBuildPhase section */
		99B574FB25FB2A660043FA49 /* Resources */ = {
			isa = PBXResourcesBuildPhase;
			buildActionMask = 2147483647;
			files = (
				99B5750D25FB2A680043FA49 /* LaunchScreen.storyboard in Resources */,
				99B5750A25FB2A680043FA49 /* Assets.xcassets in Resources */,
				99B5750825FB2A660043FA49 /* Main.storyboard in Resources */,
			);
			runOnlyForDeploymentPostprocessing = 0;
		};
		99B5751125FB2A680043FA49 /* Resources */ = {
			isa = PBXResourcesBuildPhase;
			buildActionMask = 2147483647;
			files = (
			);
			runOnlyForDeploymentPostprocessing = 0;
		};
		99B5751C25FB2A680043FA49 /* Resources */ = {
			isa = PBXResourcesBuildPhase;
			buildActionMask = 2147483647;
			files = (
			);
			runOnlyForDeploymentPostprocessing = 0;
		};
/* End PBXResourcesBuildPhase section */

/* Begin PBXShellScriptBuildPhase section */
		075987484781004BA1F5939E /* [CP] Embed Pods Frameworks */ = {
			isa = PBXShellScriptBuildPhase;
			buildActionMask = 2147483647;
			files = (
			);
			inputFileListPaths = (
				"${PODS_ROOT}/Target Support Files/Pods-insta-instaUITests/Pods-insta-instaUITests-frameworks-${CONFIGURATION}-input-files.xcfilelist",
			);
			name = "[CP] Embed Pods Frameworks";
			outputFileListPaths = (
				"${PODS_ROOT}/Target Support Files/Pods-insta-instaUITests/Pods-insta-instaUITests-frameworks-${CONFIGURATION}-output-files.xcfilelist",
			);
			runOnlyForDeploymentPostprocessing = 0;
			shellPath = /bin/sh;
			shellScript = "\"${PODS_ROOT}/Target Support Files/Pods-insta-instaUITests/Pods-insta-instaUITests-frameworks.sh\"\n";
			showEnvVarsInLog = 0;
		};
		0CCE27DAD315BA169154FB01 /* [CP] Embed Pods Frameworks */ = {
			isa = PBXShellScriptBuildPhase;
			buildActionMask = 2147483647;
			files = (
			);
			inputFileListPaths = (
				"${PODS_ROOT}/Target Support Files/Pods-insta/Pods-insta-frameworks-${CONFIGURATION}-input-files.xcfilelist",
			);
			name = "[CP] Embed Pods Frameworks";
			outputFileListPaths = (
				"${PODS_ROOT}/Target Support Files/Pods-insta/Pods-insta-frameworks-${CONFIGURATION}-output-files.xcfilelist",
			);
			runOnlyForDeploymentPostprocessing = 0;
			shellPath = /bin/sh;
			shellScript = "\"${PODS_ROOT}/Target Support Files/Pods-insta/Pods-insta-frameworks.sh\"\n";
			showEnvVarsInLog = 0;
		};
		21D36668D0F48790A295E917 /* [CP] Check Pods Manifest.lock */ = {
			isa = PBXShellScriptBuildPhase;
			buildActionMask = 2147483647;
			files = (
			);
			inputFileListPaths = (
			);
			inputPaths = (
				"${PODS_PODFILE_DIR_PATH}/Podfile.lock",
				"${PODS_ROOT}/Manifest.lock",
			);
			name = "[CP] Check Pods Manifest.lock";
			outputFileListPaths = (
			);
			outputPaths = (
				"$(DERIVED_FILE_DIR)/Pods-insta-instaUITests-checkManifestLockResult.txt",
			);
			runOnlyForDeploymentPostprocessing = 0;
			shellPath = /bin/sh;
			shellScript = "diff \"${PODS_PODFILE_DIR_PATH}/Podfile.lock\" \"${PODS_ROOT}/Manifest.lock\" > /dev/null\nif [ $? != 0 ] ; then\n    # print error to STDERR\n    echo \"error: The sandbox is not in sync with the Podfile.lock. Run 'pod install' or update your CocoaPods installation.\" >&2\n    exit 1\nfi\n# This output is used by Xcode 'outputs' to avoid re-running this script phase.\necho \"SUCCESS\" > \"${SCRIPT_OUTPUT_FILE_0}\"\n";
			showEnvVarsInLog = 0;
		};
		6C44623EFDC1A555BCBB7C70 /* [CP] Check Pods Manifest.lock */ = {
			isa = PBXShellScriptBuildPhase;
			buildActionMask = 2147483647;
			files = (
			);
			inputFileListPaths = (
			);
			inputPaths = (
				"${PODS_PODFILE_DIR_PATH}/Podfile.lock",
				"${PODS_ROOT}/Manifest.lock",
			);
			name = "[CP] Check Pods Manifest.lock";
			outputFileListPaths = (
			);
			outputPaths = (
				"$(DERIVED_FILE_DIR)/Pods-instaTests-checkManifestLockResult.txt",
			);
			runOnlyForDeploymentPostprocessing = 0;
			shellPath = /bin/sh;
			shellScript = "diff \"${PODS_PODFILE_DIR_PATH}/Podfile.lock\" \"${PODS_ROOT}/Manifest.lock\" > /dev/null\nif [ $? != 0 ] ; then\n    # print error to STDERR\n    echo \"error: The sandbox is not in sync with the Podfile.lock. Run 'pod install' or update your CocoaPods installation.\" >&2\n    exit 1\nfi\n# This output is used by Xcode 'outputs' to avoid re-running this script phase.\necho \"SUCCESS\" > \"${SCRIPT_OUTPUT_FILE_0}\"\n";
			showEnvVarsInLog = 0;
		};
		D52BF0CEFF40160CF7DA459C /* [CP] Check Pods Manifest.lock */ = {
			isa = PBXShellScriptBuildPhase;
			buildActionMask = 2147483647;
			files = (
			);
			inputFileListPaths = (
			);
			inputPaths = (
				"${PODS_PODFILE_DIR_PATH}/Podfile.lock",
				"${PODS_ROOT}/Manifest.lock",
			);
			name = "[CP] Check Pods Manifest.lock";
			outputFileListPaths = (
			);
			outputPaths = (
				"$(DERIVED_FILE_DIR)/Pods-insta-checkManifestLockResult.txt",
			);
			runOnlyForDeploymentPostprocessing = 0;
			shellPath = /bin/sh;
			shellScript = "diff \"${PODS_PODFILE_DIR_PATH}/Podfile.lock\" \"${PODS_ROOT}/Manifest.lock\" > /dev/null\nif [ $? != 0 ] ; then\n    # print error to STDERR\n    echo \"error: The sandbox is not in sync with the Podfile.lock. Run 'pod install' or update your CocoaPods installation.\" >&2\n    exit 1\nfi\n# This output is used by Xcode 'outputs' to avoid re-running this script phase.\necho \"SUCCESS\" > \"${SCRIPT_OUTPUT_FILE_0}\"\n";
			showEnvVarsInLog = 0;
		};
/* End PBXShellScriptBuildPhase section */

/* Begin PBXSourcesBuildPhase section */
		99B574F925FB2A660043FA49 /* Sources */ = {
			isa = PBXSourcesBuildPhase;
			buildActionMask = 2147483647;
			files = (
				99B5754325FB2DF30043FA49 /* LoginViewController.swift in Sources */,
				99B5754D25FBF5E60043FA49 /* CameraViewController.swift in Sources */,
				99B5750125FB2A660043FA49 /* AppDelegate.swift in Sources */,
				99B5754825FB2E040043FA49 /* FeedViewController.swift in Sources */,
				99B5750325FB2A660043FA49 /* SceneDelegate.swift in Sources */,
			);
			runOnlyForDeploymentPostprocessing = 0;
		};
		99B5750F25FB2A680043FA49 /* Sources */ = {
			isa = PBXSourcesBuildPhase;
			buildActionMask = 2147483647;
			files = (
				99B5751825FB2A680043FA49 /* instaTests.swift in Sources */,
			);
			runOnlyForDeploymentPostprocessing = 0;
		};
		99B5751A25FB2A680043FA49 /* Sources */ = {
			isa = PBXSourcesBuildPhase;
			buildActionMask = 2147483647;
			files = (
				99B5752325FB2A680043FA49 /* instaUITests.swift in Sources */,
			);
			runOnlyForDeploymentPostprocessing = 0;
		};
/* End PBXSourcesBuildPhase section */

/* Begin PBXTargetDependency section */
		99B5751525FB2A680043FA49 /* PBXTargetDependency */ = {
			isa = PBXTargetDependency;
			target = 99B574FC25FB2A660043FA49 /* insta */;
			targetProxy = 99B5751425FB2A680043FA49 /* PBXContainerItemProxy */;
		};
		99B5752025FB2A680043FA49 /* PBXTargetDependency */ = {
			isa = PBXTargetDependency;
			target = 99B574FC25FB2A660043FA49 /* insta */;
			targetProxy = 99B5751F25FB2A680043FA49 /* PBXContainerItemProxy */;
		};
/* End PBXTargetDependency section */

/* Begin PBXVariantGroup section */
		99B5750625FB2A660043FA49 /* Main.storyboard */ = {
			isa = PBXVariantGroup;
			children = (
				99B5750725FB2A660043FA49 /* Base */,
			);
			name = Main.storyboard;
			sourceTree = "<group>";
		};
		99B5750B25FB2A680043FA49 /* LaunchScreen.storyboard */ = {
			isa = PBXVariantGroup;
			children = (
				99B5750C25FB2A680043FA49 /* Base */,
			);
			name = LaunchScreen.storyboard;
			sourceTree = "<group>";
		};
/* End PBXVariantGroup section */

/* Begin XCBuildConfiguration section */
		99B5752525FB2A680043FA49 /* Debug */ = {
			isa = XCBuildConfiguration;
			buildSettings = {
				ALWAYS_SEARCH_USER_PATHS = NO;
				CLANG_ANALYZER_NONNULL = YES;
				CLANG_ANALYZER_NUMBER_OBJECT_CONVERSION = YES_AGGRESSIVE;
				CLANG_CXX_LANGUAGE_STANDARD = "gnu++14";
				CLANG_CXX_LIBRARY = "libc++";
				CLANG_ENABLE_MODULES = YES;
				CLANG_ENABLE_OBJC_ARC = YES;
				CLANG_ENABLE_OBJC_WEAK = YES;
				CLANG_WARN_BLOCK_CAPTURE_AUTORELEASING = YES;
				CLANG_WARN_BOOL_CONVERSION = YES;
				CLANG_WARN_COMMA = YES;
				CLANG_WARN_CONSTANT_CONVERSION = YES;
				CLANG_WARN_DEPRECATED_OBJC_IMPLEMENTATIONS = YES;
				CLANG_WARN_DIRECT_OBJC_ISA_USAGE = YES_ERROR;
				CLANG_WARN_DOCUMENTATION_COMMENTS = YES;
				CLANG_WARN_EMPTY_BODY = YES;
				CLANG_WARN_ENUM_CONVERSION = YES;
				CLANG_WARN_INFINITE_RECURSION = YES;
				CLANG_WARN_INT_CONVERSION = YES;
				CLANG_WARN_NON_LITERAL_NULL_CONVERSION = YES;
				CLANG_WARN_OBJC_IMPLICIT_RETAIN_SELF = YES;
				CLANG_WARN_OBJC_LITERAL_CONVERSION = YES;
				CLANG_WARN_OBJC_ROOT_CLASS = YES_ERROR;
				CLANG_WARN_QUOTED_INCLUDE_IN_FRAMEWORK_HEADER = YES;
				CLANG_WARN_RANGE_LOOP_ANALYSIS = YES;
				CLANG_WARN_STRICT_PROTOTYPES = YES;
				CLANG_WARN_SUSPICIOUS_MOVE = YES;
				CLANG_WARN_UNGUARDED_AVAILABILITY = YES_AGGRESSIVE;
				CLANG_WARN_UNREACHABLE_CODE = YES;
				CLANG_WARN__DUPLICATE_METHOD_MATCH = YES;
				COPY_PHASE_STRIP = NO;
				DEBUG_INFORMATION_FORMAT = dwarf;
				ENABLE_STRICT_OBJC_MSGSEND = YES;
				ENABLE_TESTABILITY = YES;
				GCC_C_LANGUAGE_STANDARD = gnu11;
				GCC_DYNAMIC_NO_PIC = NO;
				GCC_NO_COMMON_BLOCKS = YES;
				GCC_OPTIMIZATION_LEVEL = 0;
				GCC_PREPROCESSOR_DEFINITIONS = (
					"DEBUG=1",
					"$(inherited)",
				);
				GCC_WARN_64_TO_32_BIT_CONVERSION = YES;
				GCC_WARN_ABOUT_RETURN_TYPE = YES_ERROR;
				GCC_WARN_UNDECLARED_SELECTOR = YES;
				GCC_WARN_UNINITIALIZED_AUTOS = YES_AGGRESSIVE;
				GCC_WARN_UNUSED_FUNCTION = YES;
				GCC_WARN_UNUSED_VARIABLE = YES;
				IPHONEOS_DEPLOYMENT_TARGET = 14.1;
				MTL_ENABLE_DEBUG_INFO = INCLUDE_SOURCE;
				MTL_FAST_MATH = YES;
				ONLY_ACTIVE_ARCH = YES;
				SDKROOT = iphoneos;
				SWIFT_ACTIVE_COMPILATION_CONDITIONS = DEBUG;
				SWIFT_OPTIMIZATION_LEVEL = "-Onone";
			};
			name = Debug;
		};
		99B5752625FB2A680043FA49 /* Release */ = {
			isa = XCBuildConfiguration;
			buildSettings = {
				ALWAYS_SEARCH_USER_PATHS = NO;
				CLANG_ANALYZER_NONNULL = YES;
				CLANG_ANALYZER_NUMBER_OBJECT_CONVERSION = YES_AGGRESSIVE;
				CLANG_CXX_LANGUAGE_STANDARD = "gnu++14";
				CLANG_CXX_LIBRARY = "libc++";
				CLANG_ENABLE_MODULES = YES;
				CLANG_ENABLE_OBJC_ARC = YES;
				CLANG_ENABLE_OBJC_WEAK = YES;
				CLANG_WARN_BLOCK_CAPTURE_AUTORELEASING = YES;
				CLANG_WARN_BOOL_CONVERSION = YES;
				CLANG_WARN_COMMA = YES;
				CLANG_WARN_CONSTANT_CONVERSION = YES;
				CLANG_WARN_DEPRECATED_OBJC_IMPLEMENTATIONS = YES;
				CLANG_WARN_DIRECT_OBJC_ISA_USAGE = YES_ERROR;
				CLANG_WARN_DOCUMENTATION_COMMENTS = YES;
				CLANG_WARN_EMPTY_BODY = YES;
				CLANG_WARN_ENUM_CONVERSION = YES;
				CLANG_WARN_INFINITE_RECURSION = YES;
				CLANG_WARN_INT_CONVERSION = YES;
				CLANG_WARN_NON_LITERAL_NULL_CONVERSION = YES;
				CLANG_WARN_OBJC_IMPLICIT_RETAIN_SELF = YES;
				CLANG_WARN_OBJC_LITERAL_CONVERSION = YES;
				CLANG_WARN_OBJC_ROOT_CLASS = YES_ERROR;
				CLANG_WARN_QUOTED_INCLUDE_IN_FRAMEWORK_HEADER = YES;
				CLANG_WARN_RANGE_LOOP_ANALYSIS = YES;
				CLANG_WARN_STRICT_PROTOTYPES = YES;
				CLANG_WARN_SUSPICIOUS_MOVE = YES;
				CLANG_WARN_UNGUARDED_AVAILABILITY = YES_AGGRESSIVE;
				CLANG_WARN_UNREACHABLE_CODE = YES;
				CLANG_WARN__DUPLICATE_METHOD_MATCH = YES;
				COPY_PHASE_STRIP = NO;
				DEBUG_INFORMATION_FORMAT = "dwarf-with-dsym";
				ENABLE_NS_ASSERTIONS = NO;
				ENABLE_STRICT_OBJC_MSGSEND = YES;
				GCC_C_LANGUAGE_STANDARD = gnu11;
				GCC_NO_COMMON_BLOCKS = YES;
				GCC_WARN_64_TO_32_BIT_CONVERSION = YES;
				GCC_WARN_ABOUT_RETURN_TYPE = YES_ERROR;
				GCC_WARN_UNDECLARED_SELECTOR = YES;
				GCC_WARN_UNINITIALIZED_AUTOS = YES_AGGRESSIVE;
				GCC_WARN_UNUSED_FUNCTION = YES;
				GCC_WARN_UNUSED_VARIABLE = YES;
				IPHONEOS_DEPLOYMENT_TARGET = 14.1;
				MTL_ENABLE_DEBUG_INFO = NO;
				MTL_FAST_MATH = YES;
				SDKROOT = iphoneos;
				SWIFT_COMPILATION_MODE = wholemodule;
				SWIFT_OPTIMIZATION_LEVEL = "-O";
				VALIDATE_PRODUCT = YES;
			};
			name = Release;
		};
		99B5752825FB2A680043FA49 /* Debug */ = {
			isa = XCBuildConfiguration;
			baseConfigurationReference = 022041657449A0DDBD7C0B16 /* Pods-insta.debug.xcconfig */;
			buildSettings = {
				ASSETCATALOG_COMPILER_APPICON_NAME = AppIcon;
				ASSETCATALOG_COMPILER_GLOBAL_ACCENT_COLOR_NAME = AccentColor;
				CODE_SIGN_STYLE = Automatic;
				INFOPLIST_FILE = insta/Info.plist;
				LD_RUNPATH_SEARCH_PATHS = (
					"$(inherited)",
					"@executable_path/Frameworks",
				);
				PRODUCT_BUNDLE_IDENTIFIER = chuxi.insta;
				PRODUCT_NAME = "$(TARGET_NAME)";
				SWIFT_VERSION = 5.0;
				TARGETED_DEVICE_FAMILY = "1,2";
			};
			name = Debug;
		};
		99B5752925FB2A680043FA49 /* Release */ = {
			isa = XCBuildConfiguration;
			baseConfigurationReference = DA312B3EE491DDF85A9FD950 /* Pods-insta.release.xcconfig */;
			buildSettings = {
				ASSETCATALOG_COMPILER_APPICON_NAME = AppIcon;
				ASSETCATALOG_COMPILER_GLOBAL_ACCENT_COLOR_NAME = AccentColor;
				CODE_SIGN_STYLE = Automatic;
				INFOPLIST_FILE = insta/Info.plist;
				LD_RUNPATH_SEARCH_PATHS = (
					"$(inherited)",
					"@executable_path/Frameworks",
				);
				PRODUCT_BUNDLE_IDENTIFIER = chuxi.insta;
				PRODUCT_NAME = "$(TARGET_NAME)";
				SWIFT_VERSION = 5.0;
				TARGETED_DEVICE_FAMILY = "1,2";
			};
			name = Release;
		};
		99B5752B25FB2A680043FA49 /* Debug */ = {
			isa = XCBuildConfiguration;
			baseConfigurationReference = 1E4CA4FED11BE5973FA17D8A /* Pods-instaTests.debug.xcconfig */;
			buildSettings = {
				ALWAYS_EMBED_SWIFT_STANDARD_LIBRARIES = YES;
				BUNDLE_LOADER = "$(TEST_HOST)";
				CODE_SIGN_STYLE = Automatic;
				INFOPLIST_FILE = instaTests/Info.plist;
				IPHONEOS_DEPLOYMENT_TARGET = 14.1;
				LD_RUNPATH_SEARCH_PATHS = (
					"$(inherited)",
					"@executable_path/Frameworks",
					"@loader_path/Frameworks",
				);
				PRODUCT_BUNDLE_IDENTIFIER = chuxi.instaTests;
				PRODUCT_NAME = "$(TARGET_NAME)";
				SWIFT_VERSION = 5.0;
				TARGETED_DEVICE_FAMILY = "1,2";
				TEST_HOST = "$(BUILT_PRODUCTS_DIR)/insta.app/insta";
			};
			name = Debug;
		};
		99B5752C25FB2A680043FA49 /* Release */ = {
			isa = XCBuildConfiguration;
			baseConfigurationReference = 5B62A2F24360D332B1A6EFC2 /* Pods-instaTests.release.xcconfig */;
			buildSettings = {
				ALWAYS_EMBED_SWIFT_STANDARD_LIBRARIES = YES;
				BUNDLE_LOADER = "$(TEST_HOST)";
				CODE_SIGN_STYLE = Automatic;
				INFOPLIST_FILE = instaTests/Info.plist;
				IPHONEOS_DEPLOYMENT_TARGET = 14.1;
				LD_RUNPATH_SEARCH_PATHS = (
					"$(inherited)",
					"@executable_path/Frameworks",
					"@loader_path/Frameworks",
				);
				PRODUCT_BUNDLE_IDENTIFIER = chuxi.instaTests;
				PRODUCT_NAME = "$(TARGET_NAME)";
				SWIFT_VERSION = 5.0;
				TARGETED_DEVICE_FAMILY = "1,2";
				TEST_HOST = "$(BUILT_PRODUCTS_DIR)/insta.app/insta";
			};
			name = Release;
		};
		99B5752E25FB2A680043FA49 /* Debug */ = {
			isa = XCBuildConfiguration;
			baseConfigurationReference = 07C7788E00266ADD86979315 /* Pods-insta-instaUITests.debug.xcconfig */;
			buildSettings = {
				ALWAYS_EMBED_SWIFT_STANDARD_LIBRARIES = YES;
				CODE_SIGN_STYLE = Automatic;
				INFOPLIST_FILE = instaUITests/Info.plist;
				LD_RUNPATH_SEARCH_PATHS = (
					"$(inherited)",
					"@executable_path/Frameworks",
					"@loader_path/Frameworks",
				);
				PRODUCT_BUNDLE_IDENTIFIER = chuxi.instaUITests;
				PRODUCT_NAME = "$(TARGET_NAME)";
				SWIFT_VERSION = 5.0;
				TARGETED_DEVICE_FAMILY = "1,2";
				TEST_TARGET_NAME = insta;
			};
			name = Debug;
		};
		99B5752F25FB2A680043FA49 /* Release */ = {
			isa = XCBuildConfiguration;
			baseConfigurationReference = 4CBC98309350409B93B358F4 /* Pods-insta-instaUITests.release.xcconfig */;
			buildSettings = {
				ALWAYS_EMBED_SWIFT_STANDARD_LIBRARIES = YES;
				CODE_SIGN_STYLE = Automatic;
				INFOPLIST_FILE = instaUITests/Info.plist;
				LD_RUNPATH_SEARCH_PATHS = (
					"$(inherited)",
					"@executable_path/Frameworks",
					"@loader_path/Frameworks",
				);
				PRODUCT_BUNDLE_IDENTIFIER = chuxi.instaUITests;
				PRODUCT_NAME = "$(TARGET_NAME)";
				SWIFT_VERSION = 5.0;
				TARGETED_DEVICE_FAMILY = "1,2";
				TEST_TARGET_NAME = insta;
			};
			name = Release;
		};
/* End XCBuildConfiguration section */

/* Begin XCConfigurationList section */
		99B574F825FB2A660043FA49 /* Build configuration list for PBXProject "insta" */ = {
			isa = XCConfigurationList;
			buildConfigurations = (
				99B5752525FB2A680043FA49 /* Debug */,
				99B5752625FB2A680043FA49 /* Release */,
			);
			defaultConfigurationIsVisible = 0;
			defaultConfigurationName = Release;
		};
		99B5752725FB2A680043FA49 /* Build configuration list for PBXNativeTarget "insta" */ = {
			isa = XCConfigurationList;
			buildConfigurations = (
				99B5752825FB2A680043FA49 /* Debug */,
				99B5752925FB2A680043FA49 /* Release */,
			);
			defaultConfigurationIsVisible = 0;
			defaultConfigurationName = Release;
		};
		99B5752A25FB2A680043FA49 /* Build configuration list for PBXNativeTarget "instaTests" */ = {
			isa = XCConfigurationList;
			buildConfigurations = (
				99B5752B25FB2A680043FA49 /* Debug */,
				99B5752C25FB2A680043FA49 /* Release */,
			);
			defaultConfigurationIsVisible = 0;
			defaultConfigurationName = Release;
		};
		99B5752D25FB2A680043FA49 /* Build configuration list for PBXNativeTarget "instaUITests" */ = {
			isa = XCConfigurationList;
			buildConfigurations = (
				99B5752E25FB2A680043FA49 /* Debug */,
				99B5752F25FB2A680043FA49 /* Release */,
			);
			defaultConfigurationIsVisible = 0;
			defaultConfigurationName = Release;
		};
/* End XCConfigurationList section */
	};
	rootObject = 99B574F525FB2A660043FA49 /* Project object */;
}
